
Microsoft Visual Studio Solution File, Format Version 12.00
# Visual Studio Version 17
VisualStudioVersion = 17.4.33110.190
MinimumVisualStudioVersion = 10.0.40219.1
Project("{2150E333-8FDC-42A3-9474-1A3956D46DE8}") = "src", "src", "{D6D807B4-CF07-419B-8802-245813829AD1}"
EndProject
Project("{2150E333-8FDC-42A3-9474-1A3956D46DE8}") = "Solution Items", "Solution Items", "{320A99C0-F1DD-4BCA-B59F-AE89F1CD8C12}"
	ProjectSection(SolutionItems) = preProject
		.editorconfig = .editorconfig
		ServiceUrls.txt = ServiceUrls.txt
	EndProjectSection
EndProject
Project("{2150E333-8FDC-42A3-9474-1A3956D46DE8}") = "ApiGateways", "ApiGateways", "{2574A552-7B3E-4388-859A-726B30088706}"
EndProject
Project("{2150E333-8FDC-42A3-9474-1A3956D46DE8}") = "Services", "Services", "{B70AB708-277E-45B0-820E-41AAB00702B6}"
EndProject
Project("{2150E333-8FDC-42A3-9474-1A3956D46DE8}") = "BuildingBlocks", "BuildingBlocks", "{28BAD028-6BEF-4D71-8980-E27C9099590C}"
EndProject
Project("{2150E333-8FDC-42A3-9474-1A3956D46DE8}") = "EventBus", "EventBus", "{02FD0791-9409-4AE6-8BB3-1C7E1424B584}"
EndProject
Project("{2150E333-8FDC-42A3-9474-1A3956D46DE8}") = "WebApiGateway", "WebApiGateway", "{388F24B5-90EE-49BC-9CFE-59B2B1CF7F27}"
EndProject
Project("{2150E333-8FDC-42A3-9474-1A3956D46DE8}") = "Clients", "Clients", "{B59DFF40-726B-4049-A808-A693277CC470}"
EndProject
Project("{9A19103F-16F7-4668-BE54-9A1E7A4F7556}") = "EventBus.Base", "src\BuildingBlocks\EventBus\EventBus.Base\EventBus.Base.csproj", "{1759362C-A6D3-4DEE-B4A9-603E81F5A5D4}"
EndProject
Project("{9A19103F-16F7-4668-BE54-9A1E7A4F7556}") = "EventBus.Factory", "src\BuildingBlocks\EventBus\EventBus.Factory\EventBus.Factory.csproj", "{7DAE577A-69E1-4B05-9F7A-D77FC4715C8A}"
EndProject
Project("{9A19103F-16F7-4668-BE54-9A1E7A4F7556}") = "EventBus.RabbitMQ", "src\BuildingBlocks\EventBus\EventBus.RabbitMQ\EventBus.RabbitMQ.csproj", "{820718CD-1E07-4FD3-838C-B806E2FA9DE4}"
EndProject
Project("{9A19103F-16F7-4668-BE54-9A1E7A4F7556}") = "EventBus.AzureService", "src\BuildingBlocks\EventBus\EventBus.AzureService\EventBus.AzureService.csproj", "{1333AEEE-04CD-436B-87E8-014A3616250B}"
EndProject
Project("{2150E333-8FDC-42A3-9474-1A3956D46DE8}") = "BasketService", "BasketService", "{1F8C9CF5-31C1-48CF-8616-958EF9CD52F6}"
EndProject
Project("{9A19103F-16F7-4668-BE54-9A1E7A4F7556}") = "BasketService.Api", "src\Services\BasketService\BasketService.Api\BasketService.Api.csproj", "{86A1CD45-ECE0-4808-B0E5-A7C368560128}"
EndProject
Project("{9A19103F-16F7-4668-BE54-9A1E7A4F7556}") = "Web.ApiGateway", "src\ApiGateways\WebApiGateway\Web.ApiGateway\Web.ApiGateway.csproj", "{964877FC-C7F8-484D-86FB-A1C75C83C6BC}"
EndProject
Project("{2150E333-8FDC-42A3-9474-1A3956D46DE8}") = "CatalogService", "CatalogService", "{6B85678D-64AF-4B41-8428-BD160EDEF069}"
EndProject
Project("{9A19103F-16F7-4668-BE54-9A1E7A4F7556}") = "CatalogService.Api", "src\Services\CatalogService\CatalogService.Api\CatalogService.Api.csproj", "{1683B27E-17FF-44E4-962B-DF14DAE64156}"
EndProject
Project("{2150E333-8FDC-42A3-9474-1A3956D46DE8}") = "IdentityService", "IdentityService", "{5E3E61BC-83CA-4C17-A717-B3DDAB701B1B}"
EndProject
Project("{9A19103F-16F7-4668-BE54-9A1E7A4F7556}") = "IdentityService.Api", "src\Services\IdentityService\IdentityService.Api\IdentityService.Api.csproj", "{6340B451-DC03-45C6-94C4-04457C37B673}"
EndProject
Project("{2150E333-8FDC-42A3-9474-1A3956D46DE8}") = "NotificationService", "NotificationService", "{F5835DB9-3C2A-4089-8CB4-C8B2AEBAF6BA}"
EndProject
Project("{9A19103F-16F7-4668-BE54-9A1E7A4F7556}") = "NotificationService", "src\Services\NotificationService\NotificationService\NotificationService.csproj", "{23C88C4B-4B31-4114-BE68-47081B6686F1}"
EndProject
Project("{2150E333-8FDC-42A3-9474-1A3956D46DE8}") = "OrderService", "OrderService", "{E0C4D78F-A769-4E59-BA4F-A60B9BC31451}"
EndProject
Project("{9A19103F-16F7-4668-BE54-9A1E7A4F7556}") = "OrderService.Domain", "src\Services\OrderService\OrderService.Domain\OrderService.Domain.csproj", "{3CF88CFB-1618-4E43-A0DA-E1D62225E6C0}"
EndProject
Project("{9A19103F-16F7-4668-BE54-9A1E7A4F7556}") = "OrderService.Application", "src\Services\OrderService\OrderService.Application\OrderService.Application.csproj", "{19EA5FC9-3C9B-4E0E-A586-B6F749E859EF}"
EndProject
Project("{9A19103F-16F7-4668-BE54-9A1E7A4F7556}") = "OrderService.Infrastructure", "src\Services\OrderService\OrderService.Infrastructure\OrderService.Infrastructure.csproj", "{AA8ABE2F-56F3-458C-8369-ACB6DE948A3A}"
EndProject
Project("{9A19103F-16F7-4668-BE54-9A1E7A4F7556}") = "OrderService.Api", "src\Services\OrderService\OrderService.Api\OrderService.Api.csproj", "{7DB85F81-7037-43A5-861E-911111731950}"
EndProject
Project("{2150E333-8FDC-42A3-9474-1A3956D46DE8}") = "PaymentService", "PaymentService", "{22367154-3CA7-4766-93AB-CA0B7DE0B191}"
EndProject
Project("{9A19103F-16F7-4668-BE54-9A1E7A4F7556}") = "PaymentService.Api", "src\Services\PaymentService\PaymentService.Api\PaymentService.Api.csproj", "{5DDBBB8D-8034-4FA8-9B1B-2CA4AE3ABDA3}"
EndProject
Global
	GlobalSection(SolutionConfigurationPlatforms) = preSolution
		Debug|Any CPU = Debug|Any CPU
		Release|Any CPU = Release|Any CPU
	EndGlobalSection
	GlobalSection(ProjectConfigurationPlatforms) = postSolution
		{1759362C-A6D3-4DEE-B4A9-603E81F5A5D4}.Debug|Any CPU.ActiveCfg = Debug|Any CPU
		{1759362C-A6D3-4DEE-B4A9-603E81F5A5D4}.Debug|Any CPU.Build.0 = Debug|Any CPU
		{1759362C-A6D3-4DEE-B4A9-603E81F5A5D4}.Release|Any CPU.ActiveCfg = Release|Any CPU
		{1759362C-A6D3-4DEE-B4A9-603E81F5A5D4}.Release|Any CPU.Build.0 = Release|Any CPU
		{7DAE577A-69E1-4B05-9F7A-D77FC4715C8A}.Debug|Any CPU.ActiveCfg = Debug|Any CPU
		{7DAE577A-69E1-4B05-9F7A-D77FC4715C8A}.Debug|Any CPU.Build.0 = Debug|Any CPU
		{7DAE577A-69E1-4B05-9F7A-D77FC4715C8A}.Release|Any CPU.ActiveCfg = Release|Any CPU
		{7DAE577A-69E1-4B05-9F7A-D77FC4715C8A}.Release|Any CPU.Build.0 = Release|Any CPU
		{820718CD-1E07-4FD3-838C-B806E2FA9DE4}.Debug|Any CPU.ActiveCfg = Debug|Any CPU
		{820718CD-1E07-4FD3-838C-B806E2FA9DE4}.Debug|Any CPU.Build.0 = Debug|Any CPU
		{820718CD-1E07-4FD3-838C-B806E2FA9DE4}.Release|Any CPU.ActiveCfg = Release|Any CPU
		{820718CD-1E07-4FD3-838C-B806E2FA9DE4}.Release|Any CPU.Build.0 = Release|Any CPU
		{1333AEEE-04CD-436B-87E8-014A3616250B}.Debug|Any CPU.ActiveCfg = Debug|Any CPU
		{1333AEEE-04CD-436B-87E8-014A3616250B}.Debug|Any CPU.Build.0 = Debug|Any CPU
		{1333AEEE-04CD-436B-87E8-014A3616250B}.Release|Any CPU.ActiveCfg = Release|Any CPU
		{1333AEEE-04CD-436B-87E8-014A3616250B}.Release|Any CPU.Build.0 = Release|Any CPU
		{86A1CD45-ECE0-4808-B0E5-A7C368560128}.Debug|Any CPU.ActiveCfg = Debug|Any CPU
		{86A1CD45-ECE0-4808-B0E5-A7C368560128}.Debug|Any CPU.Build.0 = Debug|Any CPU
		{86A1CD45-ECE0-4808-B0E5-A7C368560128}.Release|Any CPU.ActiveCfg = Release|Any CPU
		{86A1CD45-ECE0-4808-B0E5-A7C368560128}.Release|Any CPU.Build.0 = Release|Any CPU
		{964877FC-C7F8-484D-86FB-A1C75C83C6BC}.Debug|Any CPU.ActiveCfg = Debug|Any CPU
		{964877FC-C7F8-484D-86FB-A1C75C83C6BC}.Debug|Any CPU.Build.0 = Debug|Any CPU
		{964877FC-C7F8-484D-86FB-A1C75C83C6BC}.Release|Any CPU.ActiveCfg = Release|Any CPU
		{964877FC-C7F8-484D-86FB-A1C75C83C6BC}.Release|Any CPU.Build.0 = Release|Any CPU
		{1683B27E-17FF-44E4-962B-DF14DAE64156}.Debug|Any CPU.ActiveCfg = Debug|Any CPU
		{1683B27E-17FF-44E4-962B-DF14DAE64156}.Debug|Any CPU.Build.0 = Debug|Any CPU
		{1683B27E-17FF-44E4-962B-DF14DAE64156}.Release|Any CPU.ActiveCfg = Release|Any CPU
		{1683B27E-17FF-44E4-962B-DF14DAE64156}.Release|Any CPU.Build.0 = Release|Any CPU
		{6340B451-DC03-45C6-94C4-04457C37B673}.Debug|Any CPU.ActiveCfg = Debug|Any CPU
		{6340B451-DC03-45C6-94C4-04457C37B673}.Debug|Any CPU.Build.0 = Debug|Any CPU
		{6340B451-DC03-45C6-94C4-04457C37B673}.Release|Any CPU.ActiveCfg = Release|Any CPU
		{6340B451-DC03-45C6-94C4-04457C37B673}.Release|Any CPU.Build.0 = Release|Any CPU
		{23C88C4B-4B31-4114-BE68-47081B6686F1}.Debug|Any CPU.ActiveCfg = Debug|Any CPU
		{23C88C4B-4B31-4114-BE68-47081B6686F1}.Debug|Any CPU.Build.0 = Debug|Any CPU
		{23C88C4B-4B31-4114-BE68-47081B6686F1}.Release|Any CPU.ActiveCfg = Release|Any CPU
		{23C88C4B-4B31-4114-BE68-47081B6686F1}.Release|Any CPU.Build.0 = Release|Any CPU
		{3CF88CFB-1618-4E43-A0DA-E1D62225E6C0}.Debug|Any CPU.ActiveCfg = Debug|Any CPU
		{3CF88CFB-1618-4E43-A0DA-E1D62225E6C0}.Debug|Any CPU.Build.0 = Debug|Any CPU
		{3CF88CFB-1618-4E43-A0DA-E1D62225E6C0}.Release|Any CPU.ActiveCfg = Release|Any CPU
		{3CF88CFB-1618-4E43-A0DA-E1D62225E6C0}.Release|Any CPU.Build.0 = Release|Any CPU
		{19EA5FC9-3C9B-4E0E-A586-B6F749E859EF}.Debug|Any CPU.ActiveCfg = Debug|Any CPU
		{19EA5FC9-3C9B-4E0E-A586-B6F749E859EF}.Debug|Any CPU.Build.0 = Debug|Any CPU
		{19EA5FC9-3C9B-4E0E-A586-B6F749E859EF}.Release|Any CPU.ActiveCfg = Release|Any CPU
		{19EA5FC9-3C9B-4E0E-A586-B6F749E859EF}.Release|Any CPU.Build.0 = Release|Any CPU
		{AA8ABE2F-56F3-458C-8369-ACB6DE948A3A}.Debug|Any CPU.ActiveCfg = Debug|Any CPU
		{AA8ABE2F-56F3-458C-8369-ACB6DE948A3A}.Debug|Any CPU.Build.0 = Debug|Any CPU
		{AA8ABE2F-56F3-458C-8369-ACB6DE948A3A}.Release|Any CPU.ActiveCfg = Release|Any CPU
		{AA8ABE2F-56F3-458C-8369-ACB6DE948A3A}.Release|Any CPU.Build.0 = Release|Any CPU
		{7DB85F81-7037-43A5-861E-911111731950}.Debug|Any CPU.ActiveCfg = Debug|Any CPU
		{7DB85F81-7037-43A5-861E-911111731950}.Debug|Any CPU.Build.0 = Debug|Any CPU
		{7DB85F81-7037-43A5-861E-911111731950}.Release|Any CPU.ActiveCfg = Release|Any CPU
		{7DB85F81-7037-43A5-861E-911111731950}.Release|Any CPU.Build.0 = Release|Any CPU
		{5DDBBB8D-8034-4FA8-9B1B-2CA4AE3ABDA3}.Debug|Any CPU.ActiveCfg = Debug|Any CPU
		{5DDBBB8D-8034-4FA8-9B1B-2CA4AE3ABDA3}.Debug|Any CPU.Build.0 = Debug|Any CPU
		{5DDBBB8D-8034-4FA8-9B1B-2CA4AE3ABDA3}.Release|Any CPU.ActiveCfg = Release|Any CPU
		{5DDBBB8D-8034-4FA8-9B1B-2CA4AE3ABDA3}.Release|Any CPU.Build.0 = Release|Any CPU
	EndGlobalSection
	GlobalSection(SolutionProperties) = preSolution
		HideSolutionNode = FALSE
	EndGlobalSection
	GlobalSection(NestedProjects) = preSolution
		{2574A552-7B3E-4388-859A-726B30088706} = {D6D807B4-CF07-419B-8802-245813829AD1}
		{B70AB708-277E-45B0-820E-41AAB00702B6} = {D6D807B4-CF07-419B-8802-245813829AD1}
		{28BAD028-6BEF-4D71-8980-E27C9099590C} = {D6D807B4-CF07-419B-8802-245813829AD1}
		{02FD0791-9409-4AE6-8BB3-1C7E1424B584} = {28BAD028-6BEF-4D71-8980-E27C9099590C}
		{388F24B5-90EE-49BC-9CFE-59B2B1CF7F27} = {2574A552-7B3E-4388-859A-726B30088706}
		{B59DFF40-726B-4049-A808-A693277CC470} = {D6D807B4-CF07-419B-8802-245813829AD1}
		{1759362C-A6D3-4DEE-B4A9-603E81F5A5D4} = {02FD0791-9409-4AE6-8BB3-1C7E1424B584}
		{7DAE577A-69E1-4B05-9F7A-D77FC4715C8A} = {02FD0791-9409-4AE6-8BB3-1C7E1424B584}
		{820718CD-1E07-4FD3-838C-B806E2FA9DE4} = {02FD0791-9409-4AE6-8BB3-1C7E1424B584}
		{1333AEEE-04CD-436B-87E8-014A3616250B} = {02FD0791-9409-4AE6-8BB3-1C7E1424B584}
		{1F8C9CF5-31C1-48CF-8616-958EF9CD52F6} = {B70AB708-277E-45B0-820E-41AAB00702B6}
		{86A1CD45-ECE0-4808-B0E5-A7C368560128} = {1F8C9CF5-31C1-48CF-8616-958EF9CD52F6}
		{964877FC-C7F8-484D-86FB-A1C75C83C6BC} = {388F24B5-90EE-49BC-9CFE-59B2B1CF7F27}
		{6B85678D-64AF-4B41-8428-BD160EDEF069} = {B70AB708-277E-45B0-820E-41AAB00702B6}
		{1683B27E-17FF-44E4-962B-DF14DAE64156} = {6B85678D-64AF-4B41-8428-BD160EDEF069}
		{5E3E61BC-83CA-4C17-A717-B3DDAB701B1B} = {B70AB708-277E-45B0-820E-41AAB00702B6}
		{6340B451-DC03-45C6-94C4-04457C37B673} = {5E3E61BC-83CA-4C17-A717-B3DDAB701B1B}
		{F5835DB9-3C2A-4089-8CB4-C8B2AEBAF6BA} = {B70AB708-277E-45B0-820E-41AAB00702B6}
		{23C88C4B-4B31-4114-BE68-47081B6686F1} = {F5835DB9-3C2A-4089-8CB4-C8B2AEBAF6BA}
		{E0C4D78F-A769-4E59-BA4F-A60B9BC31451} = {B70AB708-277E-45B0-820E-41AAB00702B6}
		{3CF88CFB-1618-4E43-A0DA-E1D62225E6C0} = {E0C4D78F-A769-4E59-BA4F-A60B9BC31451}
		{19EA5FC9-3C9B-4E0E-A586-B6F749E859EF} = {E0C4D78F-A769-4E59-BA4F-A60B9BC31451}
		{AA8ABE2F-56F3-458C-8369-ACB6DE948A3A} = {E0C4D78F-A769-4E59-BA4F-A60B9BC31451}
		{7DB85F81-7037-43A5-861E-911111731950} = {E0C4D78F-A769-4E59-BA4F-A60B9BC31451}
		{22367154-3CA7-4766-93AB-CA0B7DE0B191} = {B70AB708-277E-45B0-820E-41AAB00702B6}
		{5DDBBB8D-8034-4FA8-9B1B-2CA4AE3ABDA3} = {22367154-3CA7-4766-93AB-CA0B7DE0B191}
	EndGlobalSection
	GlobalSection(ExtensibilityGlobals) = postSolution
		SolutionGuid = {655F4812-93DD-4258-BC37-D89D2696A52D}
	EndGlobalSection
EndGlobal
